
Microsoft Visual Studio Solution File, Format Version 12.00
# Visual Studio Version 17
VisualStudioVersion = 17.5.002.0
MinimumVisualStudioVersion = 10.0.40219.1
Project("{9A19103F-16F7-4668-BE54-9A1E7A4F7556}") = "App1", "App1\App1.csproj", "{C95506A3-DEDC-411E-A0E8-8B23B57987C6}"
EndProject
Project("{9A19103F-16F7-4668-BE54-9A1E7A4F7556}") = "App2", "App2\App2.csproj", "{24D5CDEE-5F01-45EC-BB9D-AD7B6333B04A}"
EndProject
Project("{9A19103F-16F7-4668-BE54-9A1E7A4F7556}") = "Shared", "Shared\Shared.csproj", "{074C604F-771A-4E44-AEAA-68CC211ACCFE}"
EndProject
Global
	GlobalSection(SolutionConfigurationPlatforms) = preSolution
		Debug|Any CPU = Debug|Any CPU
		Release|Any CPU = Release|Any CPU
	EndGlobalSection
	GlobalSection(ProjectConfigurationPlatforms) = postSolution
		{C95506A3-DEDC-411E-A0E8-8B23B57987C6}.Debug|Any CPU.ActiveCfg = Debug|Any CPU
		{C95506A3-DEDC-411E-A0E8-8B23B57987C6}.Debug|Any CPU.Build.0 = Debug|Any CPU
		{C95506A3-DEDC-411E-A0E8-8B23B57987C6}.Release|Any CPU.ActiveCfg = Release|Any CPU
		{C95506A3-DEDC-411E-A0E8-8B23B57987C6}.Release|Any CPU.Build.0 = Release|Any CPU
		{24D5CDEE-5F01-45EC-BB9D-AD7B6333B04A}.Debug|Any CPU.ActiveCfg = Debug|Any CPU
		{24D5CDEE-5F01-45EC-BB9D-AD7B6333B04A}.Debug|Any CPU.Build.0 = Debug|Any CPU
		{24D5CDEE-5F01-45EC-BB9D-AD7B6333B04A}.Release|Any CPU.ActiveCfg = Release|Any CPU
		{24D5CDEE-5F01-45EC-BB9D-AD7B6333B04A}.Release|Any CPU.Build.0 = Release|Any CPU
		{074C604F-771A-4E44-AEAA-68CC211ACCFE}.Debug|Any CPU.ActiveCfg = Debug|Any CPU
		{074C604F-771A-4E44-AEAA-68CC211ACCFE}.Debug|Any CPU.Build.0 = Debug|Any CPU
		{074C604F-771A-4E44-AEAA-68CC211ACCFE}.Release|Any CPU.ActiveCfg = Release|Any CPU
		{074C604F-771A-4E44-AEAA-68CC211ACCFE}.Release|Any CPU.Build.0 = Release|Any CPU
	EndGlobalSection
	GlobalSection(SolutionProperties) = preSolution
		HideSolutionNode = FALSE
	EndGlobalSection
	GlobalSection(ExtensibilityGlobals) = postSolution
		SolutionGuid = {A5C19EB8-4057-47AA-B02A-819862BA62A4}
	EndGlobalSection
EndGlobal
